<Solution>
  <Configurations>
    <Platform Name="Any CPU" />
    <Platform Name="x64" />
    <Platform Name="x86" />
  </Configurations>
    <Folder Name="/src/">
    <Project Path="src/Console1/Console1.csproj" />
  </Folder>
  <Folder Name="/tests/">
    <Project Path="tests/Console1.Tests/Console1.Tests.csproj" />
  </Folder>
</Solution>
